
Microsoft Visual Studio Solution File, Format Version 12.00
# Visual Studio Version 17
VisualStudioVersion = 17.8.34227.203
MinimumVisualStudioVersion = 10.0.40219.1
Project("{FAE04EC0-301F-11D3-BF4B-00C04F79EFBC}") = "BulkyWeb", "BulkyWeb\BulkyWeb.csproj", "{2D1314A9-30CB-4C2A-9AA5-7D4EDA1D4820}"
EndProject
Global
	GlobalSection(SolutionConfigurationPlatforms) = preSolution
		Debug|Any CPU = Debug|Any CPU
		Release|Any CPU = Release|Any CPU
	EndGlobalSection
	GlobalSection(ProjectConfigurationPlatforms) = postSolution
		{2D1314A9-30CB-4C2A-9AA5-7D4EDA1D4820}.Debug|Any CPU.ActiveCfg = Debug|Any CPU
		{2D1314A9-30CB-4C2A-9AA5-7D4EDA1D4820}.Debug|Any CPU.Build.0 = Debug|Any CPU
		{2D1314A9-30CB-4C2A-9AA5-7D4EDA1D4820}.Release|Any CPU.ActiveCfg = Release|Any CPU
		{2D1314A9-30CB-4C2A-9AA5-7D4EDA1D4820}.Release|Any CPU.Build.0 = Release|Any CPU
	EndGlobalSection
	GlobalSection(SolutionProperties) = preSolution
		HideSolutionNode = FALSE
	EndGlobalSection
	GlobalSection(ExtensibilityGlobals) = postSolution
		SolutionGuid = {DC391B69-20C9-4862-900A-2E941C56EED9}
	EndGlobalSection
EndGlobal
